schema: '2.0'
stages:
  data_ingestion:
    cmd: python src/data/data_ingestion.py
    deps:
    - path: src/data/data_ingestion.py
      hash: md5
      md5: a87cd2f392f69723295d39b303f11626
      size: 687
    params:
      params.yaml:
        data_ingestion.test_size: 0.25
    outs:
    - path: data/raw
      hash: md5
      md5: 34fa554fd40d9fd5beba2fc63f7ea9d6.dir
      size: 887224
      nfiles: 2
  data_preprocessing:
    cmd: python src/data/data_preprocessing.py
    deps:
    - path: data/raw
      hash: md5
      md5: 34fa554fd40d9fd5beba2fc63f7ea9d6.dir
      size: 887224
      nfiles: 2
    - path: src/data/data_preprocessing.py
      hash: md5
      md5: 7517f76f81de2f38bc60a8fa904719d2
      size: 2474
    outs:
    - path: data/processed
      hash: md5
      md5: e34dc8357050c9a358b431d69584d169.dir
      size: 620037
      nfiles: 2
  feature_engineering:
    cmd: python src/features/feature_engineering.py
    deps:
    - path: data/processed
      hash: md5
      md5: e34dc8357050c9a358b431d69584d169.dir
      size: 620037
      nfiles: 2
    - path: src/features/feature_engineering.py
      hash: md5
      md5: 7829f2d02281d53c967e2f7209c5ac99
      size: 1215
    params:
      params.yaml:
        feature_engineering.max_features: 50
    outs:
    - path: data/features
      hash: md5
      md5: bb95b0abe07052d3a47ebe4ee929745f.dir
      size: 639306564
      nfiles: 2
  model_building:
    cmd: python src/model/model_building.py
    deps:
    - path: data/features
      hash: md5
      md5: bb95b0abe07052d3a47ebe4ee929745f.dir
      size: 639306564
      nfiles: 2
    - path: src/model/model_building.py
      hash: md5
      md5: dec49cf8aebe3c26a7a2796d2596250d
      size: 477
    params:
      params.yaml:
        model_building.learning_rate: 0.1
        model_building.n_estimators: 100
    outs:
    - path: model.pkl
      hash: md5
      md5: 1ba110cb43e5eee07ba5bef724d9c4b2
      size: 69801
  model_evaluation:
    cmd: python src/model/model_evaluation.py
    deps:
    - path: model.pkl
      hash: md5
      md5: 1ba110cb43e5eee07ba5bef724d9c4b2
      size: 69801
    - path: src/model/model_evaluation.py
      hash: md5
      md5: fba68de267325b3b28c19d2fd5d3eddb
      size: 883
    outs:
    - path: metrics.json
      hash: md5
      md5: a7ace101d02e428f720283e507428fc8
      size: 145
